// !$*UTF8*$!
{
	archiveVersion = 1;
	classes = {
	};
	objectVersion = 77;
	objects = {

/* Begin PBXBuildFile section */
		03B9F9A501C7037D3F74A273 /* MenuSheet.swift in Sources */ = {isa = PBXBuildFile; fileRef = 6575560348AFC2F3872179B2 /* MenuSheet.swift */; };
		0C16E8ED132AF726BF559765 /* LikeFeedbackWidget.swift in Sources */ = {isa = PBXBuildFile; fileRef = 71D717FAB5FB32C4C42C341B /* LikeFeedbackWidget.swift */; };
		199F58EBDFB09D1065A9C0BC /* Assets.xcassets in Resources */ = {isa = PBXBuildFile; fileRef = 124F10DD9B27AA7EE33EDD94 /* Assets.xcassets */; };
		23AC0EF292446C08D74F9CF3 /* FeedbackSubmitter.swift in Sources */ = {isa = PBXBuildFile; fileRef = 60C1AF3FAF10C86541EE9315 /* FeedbackSubmitter.swift */; };
		363E7F73AB69D84CC6E1566A /* BankView.swift in Sources */ = {isa = PBXBuildFile; fileRef = A94584BA3E06A4F9638A8D59 /* BankView.swift */; };
		3AA6725A8165FA3DD3500EBC /* CreatorCodable.swift in Sources */ = {isa = PBXBuildFile; fileRef = BFF309508A73C7B4221B54D7 /* CreatorCodable.swift */; };
		3AF75278F96975EA09CB0350 /* CBTransform.swift in Sources */ = {isa = PBXBuildFile; fileRef = 2A10E148A8D22F8B5896E7A3 /* CBTransform.swift */; };
		4064609A726FF8CADA1E484B /* FeedbackSheet.swift in Sources */ = {isa = PBXBuildFile; fileRef = 856A5842C2329B56B733CFD4 /* FeedbackSheet.swift */; };
		43E6C6041EEAD1A70F99CC72 /* EdgeVignetteView.swift in Sources */ = {isa = PBXBuildFile; fileRef = 8A5B6723BA4A89C9505169E0 /* EdgeVignetteView.swift */; };
		5804866B3346FC6D94A5EF3A /* Util.swift in Sources */ = {isa = PBXBuildFile; fileRef = 243168329AAF6072275CFCA1 /* Util.swift */; };
		6135A6EB93E07B0813FC3044 /* Gradient.swift in Sources */ = {isa = PBXBuildFile; fileRef = 20DF6F9712CA72FB130F944F /* Gradient.swift */; };
		6977D10B01D6BFC981E9A261 /* SwatchView.swift in Sources */ = {isa = PBXBuildFile; fileRef = 1E7FAD2ECE845EE139DBE1A2 /* SwatchView.swift */; };
		69EE9A80D26B46D5D370E294 /* CreatorState.swift in Sources */ = {isa = PBXBuildFile; fileRef = 21305CA381198536A225AAF6 /* CreatorState.swift */; };
		73CC87BA62B8F64B5CE76103 /* CreatorView.swift in Sources */ = {isa = PBXBuildFile; fileRef = 243AC22FA234D5D50BF52A0D /* CreatorView.swift */; };
		793D77F2B2703C391ED0F9D8 /* KromaPuzzleFile.swift in Sources */ = {isa = PBXBuildFile; fileRef = 72C1A459B2BF95F09DFDB42D /* KromaPuzzleFile.swift */; };
		7AAB29C1ADCA369B67B5F85A /* CreatorBuild.swift in Sources */ = {isa = PBXBuildFile; fileRef = 43B82FAB2C24A6433D8AA423 /* CreatorBuild.swift */; };
		AB911B28DCFE996C1E5A5DF1 /* GridView.swift in Sources */ = {isa = PBXBuildFile; fileRef = 8B77B6DBA462A78886EC80CC /* GridView.swift */; };
		B046ADA643FBCCDCBA769C47 /* Proximity.swift in Sources */ = {isa = PBXBuildFile; fileRef = 41500A18A21C00DF321D45C7 /* Proximity.swift */; };
		B35978D976478DF1888F7DA5 /* CellView.swift in Sources */ = {isa = PBXBuildFile; fileRef = 7E6FF556ED0F7EDA72FF5966 /* CellView.swift */; };
		C7E3BA4DE4BB174ABFF5AC39 /* Puzzle.swift in Sources */ = {isa = PBXBuildFile; fileRef = 263ABFFC5637F9AF2B6417BE /* Puzzle.swift */; };
		CB77DFAEA6869AD239FD2B6A /* TopBarView.swift in Sources */ = {isa = PBXBuildFile; fileRef = 029160E99C0E462B98B311F7 /* TopBarView.swift */; };
		D46A6ECE05CF84DCDA8160B6 /* ColorPickerSheet.swift in Sources */ = {isa = PBXBuildFile; fileRef = EFD96AAE98A2EF5AD111E041 /* ColorPickerSheet.swift */; };
		E2B88FAF9FF065FFFD5B8F56 /* CBMode.swift in Sources */ = {isa = PBXBuildFile; fileRef = 7ABE78F55223134DDFDF9698 /* CBMode.swift */; };
		E4850BB725F2BE42A0C12A07 /* ContentView.swift in Sources */ = {isa = PBXBuildFile; fileRef = F262C030387A14E5C1C7155C /* ContentView.swift */; };
		E720AA14578E15308E0B5ACC /* LikeFeedbackSubmitter.swift in Sources */ = {isa = PBXBuildFile; fileRef = 9A1D95583EDBA5EE171A1CEE /* LikeFeedbackSubmitter.swift */; };
		E8458471BE15521BFEA1FC85 /* Level.swift in Sources */ = {isa = PBXBuildFile; fileRef = DC9ABFAAC13A3EC91209CAC7 /* Level.swift */; };
		F1B6C9E60B37940C24BA6647 /* GameState.swift in Sources */ = {isa = PBXBuildFile; fileRef = 16B2A28DD1B02DC86849A896 /* GameState.swift */; };
		F20370E06337E12FEB10B52B /* Generate.swift in Sources */ = {isa = PBXBuildFile; fileRef = 618A23A276B3DEE750B5FCD2 /* Generate.swift */; };
		F81552EFC0827F10451266EA /* ChromaticOrderApp.swift in Sources */ = {isa = PBXBuildFile; fileRef = CD4FE96C27D84EA8D88D1A78 /* ChromaticOrderApp.swift */; };
		FE677749CA76B94B0E85759D /* OKLCh.swift in Sources */ = {isa = PBXBuildFile; fileRef = B8CEB7C4FA945BCDC6CEF225 /* OKLCh.swift */; };
/* End PBXBuildFile section */

/* Begin PBXFileReference section */
		029160E99C0E462B98B311F7 /* TopBarView.swift */ = {isa = PBXFileReference; lastKnownFileType = sourcecode.swift; path = TopBarView.swift; sourceTree = "<group>"; };
		124F10DD9B27AA7EE33EDD94 /* Assets.xcassets */ = {isa = PBXFileReference; lastKnownFileType = folder.assetcatalog; path = Assets.xcassets; sourceTree = "<group>"; };
		16B2A28DD1B02DC86849A896 /* GameState.swift */ = {isa = PBXFileReference; lastKnownFileType = sourcecode.swift; path = GameState.swift; sourceTree = "<group>"; };
		1E7FAD2ECE845EE139DBE1A2 /* SwatchView.swift */ = {isa = PBXFileReference; lastKnownFileType = sourcecode.swift; path = SwatchView.swift; sourceTree = "<group>"; };
		20DF6F9712CA72FB130F944F /* Gradient.swift */ = {isa = PBXFileReference; lastKnownFileType = sourcecode.swift; path = Gradient.swift; sourceTree = "<group>"; };
		21305CA381198536A225AAF6 /* CreatorState.swift */ = {isa = PBXFileReference; lastKnownFileType = sourcecode.swift; path = CreatorState.swift; sourceTree = "<group>"; };
		243168329AAF6072275CFCA1 /* Util.swift */ = {isa = PBXFileReference; lastKnownFileType = sourcecode.swift; path = Util.swift; sourceTree = "<group>"; };
		243AC22FA234D5D50BF52A0D /* CreatorView.swift */ = {isa = PBXFileReference; lastKnownFileType = sourcecode.swift; path = CreatorView.swift; sourceTree = "<group>"; };
		263ABFFC5637F9AF2B6417BE /* Puzzle.swift */ = {isa = PBXFileReference; lastKnownFileType = sourcecode.swift; path = Puzzle.swift; sourceTree = "<group>"; };
		2A10E148A8D22F8B5896E7A3 /* CBTransform.swift */ = {isa = PBXFileReference; lastKnownFileType = sourcecode.swift; path = CBTransform.swift; sourceTree = "<group>"; };
		41500A18A21C00DF321D45C7 /* Proximity.swift */ = {isa = PBXFileReference; lastKnownFileType = sourcecode.swift; path = Proximity.swift; sourceTree = "<group>"; };
		43B82FAB2C24A6433D8AA423 /* CreatorBuild.swift */ = {isa = PBXFileReference; lastKnownFileType = sourcecode.swift; path = CreatorBuild.swift; sourceTree = "<group>"; };
		4D3F7EDCFB3E0C36D04F8E32 /* Info.plist */ = {isa = PBXFileReference; lastKnownFileType = text.plist; path = Info.plist; sourceTree = "<group>"; };
		60C1AF3FAF10C86541EE9315 /* FeedbackSubmitter.swift */ = {isa = PBXFileReference; lastKnownFileType = sourcecode.swift; path = FeedbackSubmitter.swift; sourceTree = "<group>"; };
		618A23A276B3DEE750B5FCD2 /* Generate.swift */ = {isa = PBXFileReference; lastKnownFileType = sourcecode.swift; path = Generate.swift; sourceTree = "<group>"; };
		6575560348AFC2F3872179B2 /* MenuSheet.swift */ = {isa = PBXFileReference; lastKnownFileType = sourcecode.swift; path = MenuSheet.swift; sourceTree = "<group>"; };
		71D717FAB5FB32C4C42C341B /* LikeFeedbackWidget.swift */ = {isa = PBXFileReference; lastKnownFileType = sourcecode.swift; path = LikeFeedbackWidget.swift; sourceTree = "<group>"; };
		72C1A459B2BF95F09DFDB42D /* KromaPuzzleFile.swift */ = {isa = PBXFileReference; lastKnownFileType = sourcecode.swift; path = KromaPuzzleFile.swift; sourceTree = "<group>"; };
		7ABE78F55223134DDFDF9698 /* CBMode.swift */ = {isa = PBXFileReference; lastKnownFileType = sourcecode.swift; path = CBMode.swift; sourceTree = "<group>"; };
		7E6FF556ED0F7EDA72FF5966 /* CellView.swift */ = {isa = PBXFileReference; lastKnownFileType = sourcecode.swift; path = CellView.swift; sourceTree = "<group>"; };
		856A5842C2329B56B733CFD4 /* FeedbackSheet.swift */ = {isa = PBXFileReference; lastKnownFileType = sourcecode.swift; path = FeedbackSheet.swift; sourceTree = "<group>"; };
		8A5B6723BA4A89C9505169E0 /* EdgeVignetteView.swift */ = {isa = PBXFileReference; lastKnownFileType = sourcecode.swift; path = EdgeVignetteView.swift; sourceTree = "<group>"; };
		8B77B6DBA462A78886EC80CC /* GridView.swift */ = {isa = PBXFileReference; lastKnownFileType = sourcecode.swift; path = GridView.swift; sourceTree = "<group>"; };
		9A1D95583EDBA5EE171A1CEE /* LikeFeedbackSubmitter.swift */ = {isa = PBXFileReference; lastKnownFileType = sourcecode.swift; path = LikeFeedbackSubmitter.swift; sourceTree = "<group>"; };
		A94584BA3E06A4F9638A8D59 /* BankView.swift */ = {isa = PBXFileReference; lastKnownFileType = sourcecode.swift; path = BankView.swift; sourceTree = "<group>"; };
		AC6078D359BD9914E161E080 /* ChromaticOrder.app */ = {isa = PBXFileReference; includeInIndex = 0; lastKnownFileType = wrapper.application; path = ChromaticOrder.app; sourceTree = BUILT_PRODUCTS_DIR; };
		B8CEB7C4FA945BCDC6CEF225 /* OKLCh.swift */ = {isa = PBXFileReference; lastKnownFileType = sourcecode.swift; path = OKLCh.swift; sourceTree = "<group>"; };
		BFF309508A73C7B4221B54D7 /* CreatorCodable.swift */ = {isa = PBXFileReference; lastKnownFileType = sourcecode.swift; path = CreatorCodable.swift; sourceTree = "<group>"; };
		CD4FE96C27D84EA8D88D1A78 /* ChromaticOrderApp.swift */ = {isa = PBXFileReference; lastKnownFileType = sourcecode.swift; path = ChromaticOrderApp.swift; sourceTree = "<group>"; };
		DC9ABFAAC13A3EC91209CAC7 /* Level.swift */ = {isa = PBXFileReference; lastKnownFileType = sourcecode.swift; path = Level.swift; sourceTree = "<group>"; };
		EFD96AAE98A2EF5AD111E041 /* ColorPickerSheet.swift */ = {isa = PBXFileReference; lastKnownFileType = sourcecode.swift; path = ColorPickerSheet.swift; sourceTree = "<group>"; };
		F262C030387A14E5C1C7155C /* ContentView.swift */ = {isa = PBXFileReference; lastKnownFileType = sourcecode.swift; path = ContentView.swift; sourceTree = "<group>"; };
/* End PBXFileReference section */

/* Begin PBXGroup section */
		48CD2A523F5A85B4A882872D /* Views */ = {
			isa = PBXGroup;
			children = (
				A94584BA3E06A4F9638A8D59 /* BankView.swift */,
				7E6FF556ED0F7EDA72FF5966 /* CellView.swift */,
				EFD96AAE98A2EF5AD111E041 /* ColorPickerSheet.swift */,
				243AC22FA234D5D50BF52A0D /* CreatorView.swift */,
				8A5B6723BA4A89C9505169E0 /* EdgeVignetteView.swift */,
				856A5842C2329B56B733CFD4 /* FeedbackSheet.swift */,
				8B77B6DBA462A78886EC80CC /* GridView.swift */,
				71D717FAB5FB32C4C42C341B /* LikeFeedbackWidget.swift */,
				6575560348AFC2F3872179B2 /* MenuSheet.swift */,
				1E7FAD2ECE845EE139DBE1A2 /* SwatchView.swift */,
				029160E99C0E462B98B311F7 /* TopBarView.swift */,
			);
			path = Views;
			sourceTree = "<group>";
		};
		4FDC313C30F591B1B1E8B12B /* Models */ = {
			isa = PBXGroup;
			children = (
				263ABFFC5637F9AF2B6417BE /* Puzzle.swift */,
			);
			path = Models;
			sourceTree = "<group>";
		};
		50570889F9991EAB0231BB5B = {
			isa = PBXGroup;
			children = (
				B6AAC408B1D3600F2530B29B /* ChromaticOrder */,
				5656EA61A25EF699E58869CB /* Products */,
			);
			sourceTree = "<group>";
		};
		5656EA61A25EF699E58869CB /* Products */ = {
			isa = PBXGroup;
			children = (
				AC6078D359BD9914E161E080 /* ChromaticOrder.app */,
			);
			name = Products;
			sourceTree = "<group>";
		};
		625FD7BCD7BAC61B4766F4D9 /* State */ = {
			isa = PBXGroup;
			children = (
				21305CA381198536A225AAF6 /* CreatorState.swift */,
				16B2A28DD1B02DC86849A896 /* GameState.swift */,
			);
			path = State;
			sourceTree = "<group>";
		};
		A83551F9C349D7A37B43D61F /* Core */ = {
			isa = PBXGroup;
			children = (
				7ABE78F55223134DDFDF9698 /* CBMode.swift */,
				2A10E148A8D22F8B5896E7A3 /* CBTransform.swift */,
				43B82FAB2C24A6433D8AA423 /* CreatorBuild.swift */,
				BFF309508A73C7B4221B54D7 /* CreatorCodable.swift */,
				60C1AF3FAF10C86541EE9315 /* FeedbackSubmitter.swift */,
				618A23A276B3DEE750B5FCD2 /* Generate.swift */,
				20DF6F9712CA72FB130F944F /* Gradient.swift */,
				72C1A459B2BF95F09DFDB42D /* KromaPuzzleFile.swift */,
				DC9ABFAAC13A3EC91209CAC7 /* Level.swift */,
				9A1D95583EDBA5EE171A1CEE /* LikeFeedbackSubmitter.swift */,
				B8CEB7C4FA945BCDC6CEF225 /* OKLCh.swift */,
				41500A18A21C00DF321D45C7 /* Proximity.swift */,
				243168329AAF6072275CFCA1 /* Util.swift */,
			);
			path = Core;
			sourceTree = "<group>";
		};
		B6AAC408B1D3600F2530B29B /* ChromaticOrder */ = {
			isa = PBXGroup;
			children = (
				124F10DD9B27AA7EE33EDD94 /* Assets.xcassets */,
				CD4FE96C27D84EA8D88D1A78 /* ChromaticOrderApp.swift */,
				F262C030387A14E5C1C7155C /* ContentView.swift */,
				4D3F7EDCFB3E0C36D04F8E32 /* Info.plist */,
				A83551F9C349D7A37B43D61F /* Core */,
				4FDC313C30F591B1B1E8B12B /* Models */,
				625FD7BCD7BAC61B4766F4D9 /* State */,
				48CD2A523F5A85B4A882872D /* Views */,
			);
			path = ChromaticOrder;
			sourceTree = "<group>";
		};
/* End PBXGroup section */

/* Begin PBXNativeTarget section */
		5238BBFE64CA1F1206C2CD02 /* ChromaticOrder */ = {
			isa = PBXNativeTarget;
			buildConfigurationList = 900B3C56308A780ED1CB219F /* Build configuration list for PBXNativeTarget "ChromaticOrder" */;
			buildPhases = (
				F024C97CE19F83F26F6E40B9 /* Sources */,
				337AA990F158BA6946DF236E /* Resources */,
			);
			buildRules = (
			);
			dependencies = (
			);
			name = ChromaticOrder;
			packageProductDependencies = (
			);
			productName = ChromaticOrder;
			productReference = AC6078D359BD9914E161E080 /* ChromaticOrder.app */;
			productType = "com.apple.product-type.application";
		};
/* End PBXNativeTarget section */

/* Begin PBXProject section */
		224A7F677F4CFC3385375F1E /* Project object */ = {
			isa = PBXProject;
			attributes = {
				BuildIndependentTargetsInParallel = YES;
				LastUpgradeCheck = 1630;
				TargetAttributes = {
					5238BBFE64CA1F1206C2CD02 = {
						DevelopmentTeam = X5BKD97T2F;
						ProvisioningStyle = Automatic;
					};
				};
			};
			buildConfigurationList = 55266205AC207DB6CFC295F6 /* Build configuration list for PBXProject "ChromaticOrder" */;
			developmentRegion = en;
			hasScannedForEncodings = 0;
			knownRegions = (
				Base,
				en,
			);
			mainGroup = 50570889F9991EAB0231BB5B;
			minimizedProjectReferenceProxies = 1;
			preferredProjectObjectVersion = 77;
			productRefGroup = 5656EA61A25EF699E58869CB /* Products */;
			projectDirPath = "";
			projectRoot = "";
			targets = (
				5238BBFE64CA1F1206C2CD02 /* ChromaticOrder */,
			);
		};
/* End PBXProject section */

/* Begin PBXResourcesBuildPhase section */
		337AA990F158BA6946DF236E /* Resources */ = {
			isa = PBXResourcesBuildPhase;
			buildActionMask = 2147483647;
			files = (
				199F58EBDFB09D1065A9C0BC /* Assets.xcassets in Resources */,
			);
			runOnlyForDeploymentPostprocessing = 0;
		};
/* End PBXResourcesBuildPhase section */

/* Begin PBXSourcesBuildPhase section */
		F024C97CE19F83F26F6E40B9 /* Sources */ = {
			isa = PBXSourcesBuildPhase;
			buildActionMask = 2147483647;
			files = (
				363E7F73AB69D84CC6E1566A /* BankView.swift in Sources */,
				E2B88FAF9FF065FFFD5B8F56 /* CBMode.swift in Sources */,
				3AF75278F96975EA09CB0350 /* CBTransform.swift in Sources */,
				B35978D976478DF1888F7DA5 /* CellView.swift in Sources */,
				F81552EFC0827F10451266EA /* ChromaticOrderApp.swift in Sources */,
				D46A6ECE05CF84DCDA8160B6 /* ColorPickerSheet.swift in Sources */,
				E4850BB725F2BE42A0C12A07 /* ContentView.swift in Sources */,
				7AAB29C1ADCA369B67B5F85A /* CreatorBuild.swift in Sources */,
				3AA6725A8165FA3DD3500EBC /* CreatorCodable.swift in Sources */,
				69EE9A80D26B46D5D370E294 /* CreatorState.swift in Sources */,
				73CC87BA62B8F64B5CE76103 /* CreatorView.swift in Sources */,
				43E6C6041EEAD1A70F99CC72 /* EdgeVignetteView.swift in Sources */,
				4064609A726FF8CADA1E484B /* FeedbackSheet.swift in Sources */,
				23AC0EF292446C08D74F9CF3 /* FeedbackSubmitter.swift in Sources */,
				F1B6C9E60B37940C24BA6647 /* GameState.swift in Sources */,
				F20370E06337E12FEB10B52B /* Generate.swift in Sources */,
				6135A6EB93E07B0813FC3044 /* Gradient.swift in Sources */,
				AB911B28DCFE996C1E5A5DF1 /* GridView.swift in Sources */,
				793D77F2B2703C391ED0F9D8 /* KromaPuzzleFile.swift in Sources */,
				E8458471BE15521BFEA1FC85 /* Level.swift in Sources */,
				E720AA14578E15308E0B5ACC /* LikeFeedbackSubmitter.swift in Sources */,
				0C16E8ED132AF726BF559765 /* LikeFeedbackWidget.swift in Sources */,
				03B9F9A501C7037D3F74A273 /* MenuSheet.swift in Sources */,
				FE677749CA76B94B0E85759D /* OKLCh.swift in Sources */,
				B046ADA643FBCCDCBA769C47 /* Proximity.swift in Sources */,
				C7E3BA4DE4BB174ABFF5AC39 /* Puzzle.swift in Sources */,
				6977D10B01D6BFC981E9A261 /* SwatchView.swift in Sources */,
				CB77DFAEA6869AD239FD2B6A /* TopBarView.swift in Sources */,
				5804866B3346FC6D94A5EF3A /* Util.swift in Sources */,
			);
			runOnlyForDeploymentPostprocessing = 0;
		};
/* End PBXSourcesBuildPhase section */

/* Begin XCBuildConfiguration section */
		A2461E9E761284E8F9CB1C49 /* Debug */ = {
			isa = XCBuildConfiguration;
			buildSettings = {
				ALWAYS_SEARCH_USER_PATHS = NO;
				CLANG_ANALYZER_NONNULL = YES;
				CLANG_ANALYZER_NUMBER_OBJECT_CONVERSION = YES_AGGRESSIVE;
				CLANG_CXX_LANGUAGE_STANDARD = "gnu++14";
				CLANG_CXX_LIBRARY = "libc++";
				CLANG_ENABLE_MODULES = YES;
				CLANG_ENABLE_OBJC_ARC = YES;
				CLANG_ENABLE_OBJC_WEAK = YES;
				CLANG_WARN_BLOCK_CAPTURE_AUTORELEASING = YES;
				CLANG_WARN_BOOL_CONVERSION = YES;
				CLANG_WARN_COMMA = YES;
				CLANG_WARN_CONSTANT_CONVERSION = YES;
				CLANG_WARN_DEPRECATED_OBJC_IMPLEMENTATIONS = YES;
				CLANG_WARN_DIRECT_OBJC_ISA_USAGE = YES_ERROR;
				CLANG_WARN_DOCUMENTATION_COMMENTS = YES;
				CLANG_WARN_EMPTY_BODY = YES;
				CLANG_WARN_ENUM_CONVERSION = YES;
				CLANG_WARN_INFINITE_RECURSION = YES;
				CLANG_WARN_INT_CONVERSION = YES;
				CLANG_WARN_NON_LITERAL_NULL_CONVERSION = YES;
				CLANG_WARN_OBJC_IMPLICIT_RETAIN_SELF = YES;
				CLANG_WARN_OBJC_LITERAL_CONVERSION = YES;
				CLANG_WARN_OBJC_ROOT_CLASS = YES_ERROR;
				CLANG_WARN_QUOTED_INCLUDE_IN_FRAMEWORK_HEADER = YES;
				CLANG_WARN_RANGE_LOOP_ANALYSIS = YES;
				CLANG_WARN_STRICT_PROTOTYPES = YES;
				CLANG_WARN_SUSPICIOUS_MOVE = YES;
				CLANG_WARN_UNGUARDED_AVAILABILITY = YES_AGGRESSIVE;
				CLANG_WARN_UNREACHABLE_CODE = YES;
				CLANG_WARN__DUPLICATE_METHOD_MATCH = YES;
				CODE_SIGN_STYLE = Automatic;
				COPY_PHASE_STRIP = NO;
				DEBUG_INFORMATION_FORMAT = dwarf;
				DEVELOPMENT_TEAM = X5BKD97T2F;
				ENABLE_STRICT_OBJC_MSGSEND = YES;
				ENABLE_TESTABILITY = YES;
				GCC_C_LANGUAGE_STANDARD = gnu11;
				GCC_DYNAMIC_NO_PIC = NO;
				GCC_NO_COMMON_BLOCKS = YES;
				GCC_OPTIMIZATION_LEVEL = 0;
				GCC_PREPROCESSOR_DEFINITIONS = (
					"$(inherited)",
					"DEBUG=1",
				);
				GCC_WARN_64_TO_32_BIT_CONVERSION = YES;
				GCC_WARN_ABOUT_RETURN_TYPE = YES_ERROR;
				GCC_WARN_UNDECLARED_SELECTOR = YES;
				GCC_WARN_UNINITIALIZED_AUTOS = YES_AGGRESSIVE;
				GCC_WARN_UNUSED_FUNCTION = YES;
				GCC_WARN_UNUSED_VARIABLE = YES;
				IPHONEOS_DEPLOYMENT_TARGET = 17.0;
				MTL_ENABLE_DEBUG_INFO = INCLUDE_SOURCE;
				MTL_FAST_MATH = YES;
				ONLY_ACTIVE_ARCH = YES;
				PRODUCT_NAME = "$(TARGET_NAME)";
				SDKROOT = iphoneos;
				SWIFT_ACTIVE_COMPILATION_CONDITIONS = DEBUG;
				SWIFT_OPTIMIZATION_LEVEL = "-Onone";
				SWIFT_VERSION = 5.9;
				TARGETED_DEVICE_FAMILY = 1;
			};
			name = Debug;
		};
		AE1F2F67B547BAC960971EE0 /* Debug */ = {
			isa = XCBuildConfiguration;
			buildSettings = {
				ASSETCATALOG_COMPILER_APPICON_NAME = AppIcon;
				ASSETCATALOG_COMPILER_GLOBAL_ACCENT_COLOR_NAME = AccentColor;
				CODE_SIGN_IDENTITY = "iPhone Developer";
				CURRENT_PROJECT_VERSION = 6;
				INFOPLIST_FILE = ChromaticOrder/Info.plist;
				LD_RUNPATH_SEARCH_PATHS = (
					"$(inherited)",
					"@executable_path/Frameworks",
				);
				MARKETING_VERSION = 1.0.0;
				PRODUCT_BUNDLE_IDENTIFIER = com.ianhandy.kroma;
				SDKROOT = iphoneos;
				SUPPORTED_PLATFORMS = "iphoneos iphonesimulator";
				SUPPORTS_MACCATALYST = NO;
				SUPPORTS_MAC_DESIGNED_FOR_IPHONE_IPAD = NO;
				SUPPORTS_XR_DESIGNED_FOR_IPHONE_IPAD = NO;
				TARGETED_DEVICE_FAMILY = "1,2";
			};
			name = Debug;
		};
		C027AA8F05D3D1514C55FC35 /* Release */ = {
			isa = XCBuildConfiguration;
			buildSettings = {
				ASSETCATALOG_COMPILER_APPICON_NAME = AppIcon;
				ASSETCATALOG_COMPILER_GLOBAL_ACCENT_COLOR_NAME = AccentColor;
				CODE_SIGN_IDENTITY = "iPhone Developer";
				CURRENT_PROJECT_VERSION = 6;
				INFOPLIST_FILE = ChromaticOrder/Info.plist;
				LD_RUNPATH_SEARCH_PATHS = (
					"$(inherited)",
					"@executable_path/Frameworks",
				);
				MARKETING_VERSION = 1.0.0;
				PRODUCT_BUNDLE_IDENTIFIER = com.ianhandy.kroma;
				SDKROOT = iphoneos;
				SUPPORTED_PLATFORMS = "iphoneos iphonesimulator";
				SUPPORTS_MACCATALYST = NO;
				SUPPORTS_MAC_DESIGNED_FOR_IPHONE_IPAD = NO;
				SUPPORTS_XR_DESIGNED_FOR_IPHONE_IPAD = NO;
				TARGETED_DEVICE_FAMILY = "1,2";
			};
			name = Release;
		};
		DC2F5897E47D24EC9F2775A1 /* Release */ = {
			isa = XCBuildConfiguration;
			buildSettings = {
				ALWAYS_SEARCH_USER_PATHS = NO;
				CLANG_ANALYZER_NONNULL = YES;
				CLANG_ANALYZER_NUMBER_OBJECT_CONVERSION = YES_AGGRESSIVE;
				CLANG_CXX_LANGUAGE_STANDARD = "gnu++14";
				CLANG_CXX_LIBRARY = "libc++";
				CLANG_ENABLE_MODULES = YES;
				CLANG_ENABLE_OBJC_ARC = YES;
				CLANG_ENABLE_OBJC_WEAK = YES;
				CLANG_WARN_BLOCK_CAPTURE_AUTORELEASING = YES;
				CLANG_WARN_BOOL_CONVERSION = YES;
				CLANG_WARN_COMMA = YES;
				CLANG_WARN_CONSTANT_CONVERSION = YES;
				CLANG_WARN_DEPRECATED_OBJC_IMPLEMENTATIONS = YES;
				CLANG_WARN_DIRECT_OBJC_ISA_USAGE = YES_ERROR;
				CLANG_WARN_DOCUMENTATION_COMMENTS = YES;
				CLANG_WARN_EMPTY_BODY = YES;
				CLANG_WARN_ENUM_CONVERSION = YES;
				CLANG_WARN_INFINITE_RECURSION = YES;
				CLANG_WARN_INT_CONVERSION = YES;
				CLANG_WARN_NON_LITERAL_NULL_CONVERSION = YES;
				CLANG_WARN_OBJC_IMPLICIT_RETAIN_SELF = YES;
				CLANG_WARN_OBJC_LITERAL_CONVERSION = YES;
				CLANG_WARN_OBJC_ROOT_CLASS = YES_ERROR;
				CLANG_WARN_QUOTED_INCLUDE_IN_FRAMEWORK_HEADER = YES;
				CLANG_WARN_RANGE_LOOP_ANALYSIS = YES;
				CLANG_WARN_STRICT_PROTOTYPES = YES;
				CLANG_WARN_SUSPICIOUS_MOVE = YES;
				CLANG_WARN_UNGUARDED_AVAILABILITY = YES_AGGRESSIVE;
				CLANG_WARN_UNREACHABLE_CODE = YES;
				CLANG_WARN__DUPLICATE_METHOD_MATCH = YES;
				CODE_SIGN_STYLE = Automatic;
				COPY_PHASE_STRIP = NO;
				DEBUG_INFORMATION_FORMAT = "dwarf-with-dsym";
				DEVELOPMENT_TEAM = X5BKD97T2F;
				ENABLE_NS_ASSERTIONS = NO;
				ENABLE_STRICT_OBJC_MSGSEND = YES;
				GCC_C_LANGUAGE_STANDARD = gnu11;
				GCC_NO_COMMON_BLOCKS = YES;
				GCC_WARN_64_TO_32_BIT_CONVERSION = YES;
				GCC_WARN_ABOUT_RETURN_TYPE = YES_ERROR;
				GCC_WARN_UNDECLARED_SELECTOR = YES;
				GCC_WARN_UNINITIALIZED_AUTOS = YES_AGGRESSIVE;
				GCC_WARN_UNUSED_FUNCTION = YES;
				GCC_WARN_UNUSED_VARIABLE = YES;
				IPHONEOS_DEPLOYMENT_TARGET = 17.0;
				MTL_ENABLE_DEBUG_INFO = NO;
				MTL_FAST_MATH = YES;
				PRODUCT_NAME = "$(TARGET_NAME)";
				SDKROOT = iphoneos;
				SWIFT_COMPILATION_MODE = wholemodule;
				SWIFT_OPTIMIZATION_LEVEL = "-O";
				SWIFT_VERSION = 5.9;
				TARGETED_DEVICE_FAMILY = 1;
			};
			name = Release;
		};
/* End XCBuildConfiguration section */

/* Begin XCConfigurationList section */
		55266205AC207DB6CFC295F6 /* Build configuration list for PBXProject "ChromaticOrder" */ = {
			isa = XCConfigurationList;
			buildConfigurations = (
				A2461E9E761284E8F9CB1C49 /* Debug */,
				DC2F5897E47D24EC9F2775A1 /* Release */,
			);
			defaultConfigurationIsVisible = 0;
			defaultConfigurationName = Debug;
		};
		900B3C56308A780ED1CB219F /* Build configuration list for PBXNativeTarget "ChromaticOrder" */ = {
			isa = XCConfigurationList;
			buildConfigurations = (
				AE1F2F67B547BAC960971EE0 /* Debug */,
				C027AA8F05D3D1514C55FC35 /* Release */,
			);
			defaultConfigurationIsVisible = 0;
			defaultConfigurationName = Debug;
		};
/* End XCConfigurationList section */
	};
	rootObject = 224A7F677F4CFC3385375F1E /* Project object */;
}
